
Microsoft Visual Studio Solution File, Format Version 12.00
# Visual Studio Version 16
VisualStudioVersion = 16.0.30621.155
MinimumVisualStudioVersion = 10.0.40219.1
Project("{FAE04EC0-301F-11D3-BF4B-00C04F79EFBC}") = "DevIO.Api", "src\DevIO.Api\DevIO.Api.csproj", "{A5208677-24F7-43B1-AE9B-886F2C6936C5}"
EndProject
Project("{FAE04EC0-301F-11D3-BF4B-00C04F79EFBC}") = "DevIO.Business", "src\DevIO.Business\DevIO.Business.csproj", "{0534B4E3-96E9-41F7-BE23-85058A7D4EE0}"
EndProject
Project("{FAE04EC0-301F-11D3-BF4B-00C04F79EFBC}") = "DevIO.Data", "src\DevIO.Data\DevIO.Data.csproj", "{EFB2ACF2-D95D-4AA9-92EC-727D34822393}"
EndProject
Global
	GlobalSection(SolutionConfigurationPlatforms) = preSolution
		Debug|Any CPU = Debug|Any CPU
		Release|Any CPU = Release|Any CPU
	EndGlobalSection
	GlobalSection(ProjectConfigurationPlatforms) = postSolution
		{A5208677-24F7-43B1-AE9B-886F2C6936C5}.Debug|Any CPU.ActiveCfg = Debug|Any CPU
		{A5208677-24F7-43B1-AE9B-886F2C6936C5}.Debug|Any CPU.Build.0 = Debug|Any CPU
		{A5208677-24F7-43B1-AE9B-886F2C6936C5}.Release|Any CPU.ActiveCfg = Release|Any CPU
		{A5208677-24F7-43B1-AE9B-886F2C6936C5}.Release|Any CPU.Build.0 = Release|Any CPU
		{0534B4E3-96E9-41F7-BE23-85058A7D4EE0}.Debug|Any CPU.ActiveCfg = Debug|Any CPU
		{0534B4E3-96E9-41F7-BE23-85058A7D4EE0}.Debug|Any CPU.Build.0 = Debug|Any CPU
		{0534B4E3-96E9-41F7-BE23-85058A7D4EE0}.Release|Any CPU.ActiveCfg = Release|Any CPU
		{0534B4E3-96E9-41F7-BE23-85058A7D4EE0}.Release|Any CPU.Build.0 = Release|Any CPU
		{EFB2ACF2-D95D-4AA9-92EC-727D34822393}.Debug|Any CPU.ActiveCfg = Debug|Any CPU
		{EFB2ACF2-D95D-4AA9-92EC-727D34822393}.Debug|Any CPU.Build.0 = Debug|Any CPU
		{EFB2ACF2-D95D-4AA9-92EC-727D34822393}.Release|Any CPU.ActiveCfg = Release|Any CPU
		{EFB2ACF2-D95D-4AA9-92EC-727D34822393}.Release|Any CPU.Build.0 = Release|Any CPU
	EndGlobalSection
	GlobalSection(SolutionProperties) = preSolution
		HideSolutionNode = FALSE
	EndGlobalSection
	GlobalSection(ExtensibilityGlobals) = postSolution
		SolutionGuid = {B5A41A40-5691-4B92-A107-22BB0BE437B5}
	EndGlobalSection
EndGlobal
